// !$*UTF8*$!
{
	archiveVersion = 1;
	classes = {
	};
	objectVersion = 46;
	objects = {

/* Begin PBXBuildFile section */
		0530DE5F1E489CCD00EEAD32 /* KSYGPUBgmStreamerKit.m in Sources */ = {isa = PBXBuildFile; fileRef = 0530DE5B1E489CC200EEAD32 /* KSYGPUBgmStreamerKit.m */; };
		0556959F1EFA6DEE00206460 /* KSYGPUBrushStreamerKit.m in Sources */ = {isa = PBXBuildFile; fileRef = 0556959B1EFA6DDF00206460 /* KSYGPUBrushStreamerKit.m */; };
		056FE3841E1BC9B1002FC22F /* KSYGPUPipStreamerKit.m in Sources */ = {isa = PBXBuildFile; fileRef = 056FE3821E1BC9B1002FC22F /* KSYGPUPipStreamerKit.m */; };
		057364D61E67CB73006EC5FA /* KSYUIRecorderKit.m in Sources */ = {isa = PBXBuildFile; fileRef = 057364D41E67CB73006EC5FA /* KSYUIRecorderKit.m */; };
		06228ED71FCD3445006611B2 /* KSYGPUStreamerKit+bgp.m in Sources */ = {isa = PBXBuildFile; fileRef = 06228ED31FCD342C006611B2 /* KSYGPUStreamerKit+bgp.m */; };
		06228ED81FCD345A006611B2 /* KSYGPUStreamerKit+bgp.h in Headers */ = {isa = PBXBuildFile; fileRef = 06228ED41FCD342C006611B2 /* KSYGPUStreamerKit+bgp.h */; settings = {ATTRIBUTES = (Public, ); }; };
		0659AAD71F21CD5300A2F882 /* KSYGPUStreamerKit.h in Headers */ = {isa = PBXBuildFile; fileRef = 06A646CF1D865B2C00D1C620 /* KSYGPUStreamerKit.h */; settings = {ATTRIBUTES = (Public, ); }; };
		0659AAD81F21CD5300A2F882 /* KSYGPUPipStreamerKit.h in Headers */ = {isa = PBXBuildFile; fileRef = 056FE3811E1BC9B1002FC22F /* KSYGPUPipStreamerKit.h */; settings = {ATTRIBUTES = (Public, ); }; };
		0659AAD91F21CD5300A2F882 /* KSYGPUBgmStreamerKit.h in Headers */ = {isa = PBXBuildFile; fileRef = 0530DE5A1E489CC200EEAD32 /* KSYGPUBgmStreamerKit.h */; settings = {ATTRIBUTES = (Public, ); }; };
		0659AADA1F21CD5300A2F882 /* KSYUIRecorderKit.h in Headers */ = {isa = PBXBuildFile; fileRef = 057364D31E67CB73006EC5FA /* KSYUIRecorderKit.h */; settings = {ATTRIBUTES = (Public, ); }; };
		0659AADC1F21CD5300A2F882 /* KSYGPUBrushStreamerKit.h in Headers */ = {isa = PBXBuildFile; fileRef = 0556959A1EFA6DDF00206460 /* KSYGPUBrushStreamerKit.h */; settings = {ATTRIBUTES = (Public, ); }; };
		06A646D21D865B3B00D1C620 /* KSYGPUStreamerKit.m in Sources */ = {isa = PBXBuildFile; fileRef = 06A646CE1D865B2C00D1C620 /* KSYGPUStreamerKit.m */; };
		393A5EE520D0D16900E41874 /* libksygpulive.h in Headers */ = {isa = PBXBuildFile; fileRef = 393A5EE420D0D16900E41874 /* libksygpulive.h */; settings = {ATTRIBUTES = (Private, ); }; };
		5800A0591D76E50100AB55F7 /* KSYMediaPlayer.h in Headers */ = {isa = PBXBuildFile; fileRef = 5800A0181D76BFA600AB55F7 /* KSYMediaPlayer.h */; settings = {ATTRIBUTES = (Public, ); }; };
/* End PBXBuildFile section */

/* Begin PBXFileReference section */
		0530DE5A1E489CC200EEAD32 /* KSYGPUBgmStreamerKit.h */ = {isa = PBXFileReference; fileEncoding = 4; lastKnownFileType = sourcecode.c.h; name = KSYGPUBgmStreamerKit.h; path = ../../source/KSYGPUBgmStreamerKit.h; sourceTree = "<group>"; };
		0530DE5B1E489CC200EEAD32 /* KSYGPUBgmStreamerKit.m */ = {isa = PBXFileReference; fileEncoding = 4; lastKnownFileType = sourcecode.c.objc; name = KSYGPUBgmStreamerKit.m; path = ../../source/KSYGPUBgmStreamerKit.m; sourceTree = "<group>"; };
		0556959A1EFA6DDF00206460 /* KSYGPUBrushStreamerKit.h */ = {isa = PBXFileReference; fileEncoding = 4; lastKnownFileType = sourcecode.c.h; name = KSYGPUBrushStreamerKit.h; path = ../../source/KSYGPUBrushStreamerKit.h; sourceTree = "<group>"; };
		0556959B1EFA6DDF00206460 /* KSYGPUBrushStreamerKit.m */ = {isa = PBXFileReference; fileEncoding = 4; lastKnownFileType = sourcecode.c.objc; name = KSYGPUBrushStreamerKit.m; path = ../../source/KSYGPUBrushStreamerKit.m; sourceTree = "<group>"; };
		056FE3811E1BC9B1002FC22F /* KSYGPUPipStreamerKit.h */ = {isa = PBXFileReference; fileEncoding = 4; lastKnownFileType = sourcecode.c.h; name = KSYGPUPipStreamerKit.h; path = ../../source/KSYGPUPipStreamerKit.h; sourceTree = "<group>"; };
		056FE3821E1BC9B1002FC22F /* KSYGPUPipStreamerKit.m */ = {isa = PBXFileReference; fileEncoding = 4; lastKnownFileType = sourcecode.c.objc; name = KSYGPUPipStreamerKit.m; path = ../../source/KSYGPUPipStreamerKit.m; sourceTree = "<group>"; };
		057364D31E67CB73006EC5FA /* KSYUIRecorderKit.h */ = {isa = PBXFileReference; fileEncoding = 4; lastKnownFileType = sourcecode.c.h; name = KSYUIRecorderKit.h; path = ../../source/KSYUIRecorderKit.h; sourceTree = "<group>"; };
		057364D41E67CB73006EC5FA /* KSYUIRecorderKit.m */ = {isa = PBXFileReference; fileEncoding = 4; lastKnownFileType = sourcecode.c.objc; name = KSYUIRecorderKit.m; path = ../../source/KSYUIRecorderKit.m; sourceTree = "<group>"; };
		06228ED31FCD342C006611B2 /* KSYGPUStreamerKit+bgp.m */ = {isa = PBXFileReference; fileEncoding = 4; lastKnownFileType = sourcecode.c.objc; name = "KSYGPUStreamerKit+bgp.m"; path = "../../source/KSYGPUStreamerKit+bgp.m"; sourceTree = "<group>"; };
		06228ED41FCD342C006611B2 /* KSYGPUStreamerKit+bgp.h */ = {isa = PBXFileReference; fileEncoding = 4; lastKnownFileType = sourcecode.c.h; name = "KSYGPUStreamerKit+bgp.h"; path = "../../source/KSYGPUStreamerKit+bgp.h"; sourceTree = "<group>"; };
		06A646CE1D865B2C00D1C620 /* KSYGPUStreamerKit.m */ = {isa = PBXFileReference; fileEncoding = 4; lastKnownFileType = sourcecode.c.objc; name = KSYGPUStreamerKit.m; path = ../../source/KSYGPUStreamerKit.m; sourceTree = "<group>"; };
		06A646CF1D865B2C00D1C620 /* KSYGPUStreamerKit.h */ = {isa = PBXFileReference; fileEncoding = 4; lastKnownFileType = sourcecode.c.h; name = KSYGPUStreamerKit.h; path = ../../source/KSYGPUStreamerKit.h; sourceTree = "<group>"; };
		393A5EE420D0D16900E41874 /* libksygpulive.h */ = {isa = PBXFileReference; lastKnownFileType = sourcecode.c.h; name = libksygpulive.h; path = ../../prebuilt/include/libksygpulive.h; sourceTree = "<group>"; };
		5800A0161D76BFA600AB55F7 /* KSYMediaPlayer.framework */ = {isa = PBXFileReference; explicitFileType = wrapper.framework; includeInIndex = 0; path = KSYMediaPlayer.framework; sourceTree = BUILT_PRODUCTS_DIR; };
		5800A0181D76BFA600AB55F7 /* KSYMediaPlayer.h */ = {isa = PBXFileReference; lastKnownFileType = sourcecode.c.h; path = KSYMediaPlayer.h; sourceTree = "<group>"; };
		5800A01A1D76BFA600AB55F7 /* Info.plist */ = {isa = PBXFileReference; lastKnownFileType = text.plist.xml; path = Info.plist; sourceTree = "<group>"; };
		5800A09F1D76EC1600AB55F7 /* libksygpulive.framework */ = {isa = PBXFileReference; explicitFileType = wrapper.framework; includeInIndex = 0; path = libksygpulive.framework; sourceTree = BUILT_PRODUCTS_DIR; };
		5800A0A31D76EC1600AB55F7 /* Info.plist */ = {isa = PBXFileReference; lastKnownFileType = text.plist.xml; path = Info.plist; sourceTree = "<group>"; };
/* End PBXFileReference section */

/* Begin PBXFrameworksBuildPhase section */
		5800A0121D76BFA600AB55F7 /* Frameworks */ = {
			isa = PBXFrameworksBuildPhase;
			buildActionMask = 2147483647;
			files = (
			);
			runOnlyForDeploymentPostprocessing = 0;
		};
		5800A09B1D76EC1600AB55F7 /* Frameworks */ = {
			isa = PBXFrameworksBuildPhase;
			buildActionMask = 2147483647;
			files = (
			);
			runOnlyForDeploymentPostprocessing = 0;
		};
/* End PBXFrameworksBuildPhase section */

/* Begin PBXGroup section */
		06A646CD1D865B0300D1C620 /* KSYGPUStreamerKit */ = {
			isa = PBXGroup;
			children = (
				06228ED41FCD342C006611B2 /* KSYGPUStreamerKit+bgp.h */,
				06228ED31FCD342C006611B2 /* KSYGPUStreamerKit+bgp.m */,
				06A646CF1D865B2C00D1C620 /* KSYGPUStreamerKit.h */,
				06A646CE1D865B2C00D1C620 /* KSYGPUStreamerKit.m */,
				056FE3811E1BC9B1002FC22F /* KSYGPUPipStreamerKit.h */,
				056FE3821E1BC9B1002FC22F /* KSYGPUPipStreamerKit.m */,
				0530DE5A1E489CC200EEAD32 /* KSYGPUBgmStreamerKit.h */,
				0530DE5B1E489CC200EEAD32 /* KSYGPUBgmStreamerKit.m */,
				057364D31E67CB73006EC5FA /* KSYUIRecorderKit.h */,
				057364D41E67CB73006EC5FA /* KSYUIRecorderKit.m */,
				0556959A1EFA6DDF00206460 /* KSYGPUBrushStreamerKit.h */,
				0556959B1EFA6DDF00206460 /* KSYGPUBrushStreamerKit.m */,
			);
			name = KSYGPUStreamerKit;
			sourceTree = "<group>";
		};
		58009FDB1D767B2C00AB55F7 = {
			isa = PBXGroup;
			children = (
				393A5EE420D0D16900E41874 /* libksygpulive.h */,
				06A646CD1D865B0300D1C620 /* KSYGPUStreamerKit */,
				5800A0171D76BFA600AB55F7 /* KSYMediaPlayer */,
				5800A0A01D76EC1600AB55F7 /* libksygpulive */,
				58009FE61D767B2D00AB55F7 /* Products */,
			);
			sourceTree = "<group>";
		};
		58009FE61D767B2D00AB55F7 /* Products */ = {
			isa = PBXGroup;
			children = (
				5800A0161D76BFA600AB55F7 /* KSYMediaPlayer.framework */,
				5800A09F1D76EC1600AB55F7 /* libksygpulive.framework */,
			);
			name = Products;
			sourceTree = "<group>";
		};
		5800A0171D76BFA600AB55F7 /* KSYMediaPlayer */ = {
			isa = PBXGroup;
			children = (
				5800A0181D76BFA600AB55F7 /* KSYMediaPlayer.h */,
				5800A01A1D76BFA600AB55F7 /* Info.plist */,
			);
			path = KSYMediaPlayer;
			sourceTree = "<group>";
		};
		5800A0A01D76EC1600AB55F7 /* libksygpulive */ = {
			isa = PBXGroup;
			children = (
				5800A0A31D76EC1600AB55F7 /* Info.plist */,
			);
			path = libksygpulive;
			sourceTree = "<group>";
		};
/* End PBXGroup section */

/* Begin PBXHeadersBuildPhase section */
		5800A0131D76BFA600AB55F7 /* Headers */ = {
			isa = PBXHeadersBuildPhase;
			buildActionMask = 2147483647;
			files = (
				5800A0591D76E50100AB55F7 /* KSYMediaPlayer.h in Headers */,
			);
			runOnlyForDeploymentPostprocessing = 0;
		};
		5800A09C1D76EC1600AB55F7 /* Headers */ = {
			isa = PBXHeadersBuildPhase;
			buildActionMask = 2147483647;
			files = (
				0659AAD71F21CD5300A2F882 /* KSYGPUStreamerKit.h in Headers */,
				0659AAD81F21CD5300A2F882 /* KSYGPUPipStreamerKit.h in Headers */,
				0659AAD91F21CD5300A2F882 /* KSYGPUBgmStreamerKit.h in Headers */,
				0659AADA1F21CD5300A2F882 /* KSYUIRecorderKit.h in Headers */,
				06228ED81FCD345A006611B2 /* KSYGPUStreamerKit+bgp.h in Headers */,
				0659AADC1F21CD5300A2F882 /* KSYGPUBrushStreamerKit.h in Headers */,
				393A5EE520D0D16900E41874 /* libksygpulive.h in Headers */,
			);
			runOnlyForDeploymentPostprocessing = 0;
		};
/* End PBXHeadersBuildPhase section */

/* Begin PBXNativeTarget section */
		5800A0151D76BFA600AB55F7 /* KSYMediaPlayer */ = {
			isa = PBXNativeTarget;
			buildConfigurationList = 5800A01B1D76BFA600AB55F7 /* Build configuration list for PBXNativeTarget "KSYMediaPlayer" */;
			buildPhases = (
				5800A0111D76BFA600AB55F7 /* Sources */,
				5800A0121D76BFA600AB55F7 /* Frameworks */,
				5800A0131D76BFA600AB55F7 /* Headers */,
				5800A0141D76BFA600AB55F7 /* Resources */,
			);
			buildRules = (
			);
			dependencies = (
			);
			name = KSYMediaPlayer;
			productName = KSYMediaPlayer;
			productReference = 5800A0161D76BFA600AB55F7 /* KSYMediaPlayer.framework */;
			productType = "com.apple.product-type.framework";
		};
		5800A09E1D76EC1600AB55F7 /* libksygpulive */ = {
			isa = PBXNativeTarget;
			buildConfigurationList = 5800A0A41D76EC1600AB55F7 /* Build configuration list for PBXNativeTarget "libksygpulive" */;
			buildPhases = (
				5800A09A1D76EC1600AB55F7 /* Sources */,
				5800A09B1D76EC1600AB55F7 /* Frameworks */,
				5800A09C1D76EC1600AB55F7 /* Headers */,
				5800A09D1D76EC1600AB55F7 /* Resources */,
			);
			buildRules = (
			);
			dependencies = (
			);
			name = libksygpulive;
			productName = libksygpulive;
			productReference = 5800A09F1D76EC1600AB55F7 /* libksygpulive.framework */;
			productType = "com.apple.product-type.framework";
		};
/* End PBXNativeTarget section */

/* Begin PBXProject section */
		58009FDC1D767B2C00AB55F7 /* Project object */ = {
			isa = PBXProject;
			attributes = {
				LastUpgradeCheck = 0730;
				ORGANIZATIONNAME = "施雪梅";
				TargetAttributes = {
					5800A0151D76BFA600AB55F7 = {
						CreatedOnToolsVersion = 7.3;
					};
					5800A09E1D76EC1600AB55F7 = {
						CreatedOnToolsVersion = 7.3;
					};
				};
			};
			buildConfigurationList = 58009FDF1D767B2C00AB55F7 /* Build configuration list for PBXProject "libKSYLive" */;
			compatibilityVersion = "Xcode 3.2";
			developmentRegion = English;
			hasScannedForEncodings = 0;
			knownRegions = (
				en,
			);
			mainGroup = 58009FDB1D767B2C00AB55F7;
			productRefGroup = 58009FE61D767B2D00AB55F7 /* Products */;
			projectDirPath = "";
			projectRoot = "";
			targets = (
				5800A0151D76BFA600AB55F7 /* KSYMediaPlayer */,
				5800A09E1D76EC1600AB55F7 /* libksygpulive */,
			);
		};
/* End PBXProject section */

/* Begin PBXResourcesBuildPhase section */
		5800A0141D76BFA600AB55F7 /* Resources */ = {
			isa = PBXResourcesBuildPhase;
			buildActionMask = 2147483647;
			files = (
			);
			runOnlyForDeploymentPostprocessing = 0;
		};
		5800A09D1D76EC1600AB55F7 /* Resources */ = {
			isa = PBXResourcesBuildPhase;
			buildActionMask = 2147483647;
			files = (
			);
			runOnlyForDeploymentPostprocessing = 0;
		};
/* End PBXResourcesBuildPhase section */

/* Begin PBXSourcesBuildPhase section */
		5800A0111D76BFA600AB55F7 /* Sources */ = {
			isa = PBXSourcesBuildPhase;
			buildActionMask = 2147483647;
			files = (
			);
			runOnlyForDeploymentPostprocessing = 0;
		};
		5800A09A1D76EC1600AB55F7 /* Sources */ = {
			isa = PBXSourcesBuildPhase;
			buildActionMask = 2147483647;
			files = (
				06228ED71FCD3445006611B2 /* KSYGPUStreamerKit+bgp.m in Sources */,
				057364D61E67CB73006EC5FA /* KSYUIRecorderKit.m in Sources */,
				0530DE5F1E489CCD00EEAD32 /* KSYGPUBgmStreamerKit.m in Sources */,
				056FE3841E1BC9B1002FC22F /* KSYGPUPipStreamerKit.m in Sources */,
				06A646D21D865B3B00D1C620 /* KSYGPUStreamerKit.m in Sources */,
				0556959F1EFA6DEE00206460 /* KSYGPUBrushStreamerKit.m in Sources */,
			);
			runOnlyForDeploymentPostprocessing = 0;
		};
/* End PBXSourcesBuildPhase section */

/* Begin XCBuildConfiguration section */
		58009FEB1D767B2D00AB55F7 /* Debug */ = {
			isa = XCBuildConfiguration;
			buildSettings = {
				ALWAYS_SEARCH_USER_PATHS = NO;
				BITCODE_GENERATION_MODE = marker;
				CLANG_ANALYZER_NONNULL = YES;
				CLANG_CXX_LANGUAGE_STANDARD = "gnu++0x";
				CLANG_CXX_LIBRARY = "libc++";
				CLANG_ENABLE_MODULES = YES;
				CLANG_ENABLE_OBJC_ARC = YES;
				CLANG_WARN_BOOL_CONVERSION = YES;
				CLANG_WARN_CONSTANT_CONVERSION = YES;
				CLANG_WARN_DIRECT_OBJC_ISA_USAGE = YES_ERROR;
				CLANG_WARN_EMPTY_BODY = YES;
				CLANG_WARN_ENUM_CONVERSION = YES;
				CLANG_WARN_INT_CONVERSION = YES;
				CLANG_WARN_OBJC_ROOT_CLASS = YES_ERROR;
				CLANG_WARN_UNREACHABLE_CODE = YES;
				CLANG_WARN__DUPLICATE_METHOD_MATCH = YES;
				"CODE_SIGN_IDENTITY[sdk=iphoneos*]" = "iPhone Developer";
				COPY_PHASE_STRIP = NO;
				CURRENT_PROJECT_VERSION = 1;
				DEBUG_INFORMATION_FORMAT = dwarf;
				ENABLE_STRICT_OBJC_MSGSEND = YES;
				ENABLE_TESTABILITY = YES;
				GCC_C_LANGUAGE_STANDARD = gnu99;
				GCC_DYNAMIC_NO_PIC = NO;
				GCC_NO_COMMON_BLOCKS = YES;
				GCC_OPTIMIZATION_LEVEL = 0;
				GCC_PREPROCESSOR_DEFINITIONS = (
					"DEBUG=1",
					"$(inherited)",
				);
				GCC_WARN_64_TO_32_BIT_CONVERSION = YES;
				GCC_WARN_ABOUT_RETURN_TYPE = YES_ERROR;
				GCC_WARN_UNDECLARED_SELECTOR = YES;
				GCC_WARN_UNINITIALIZED_AUTOS = YES_AGGRESSIVE;
				GCC_WARN_UNUSED_FUNCTION = YES;
				GCC_WARN_UNUSED_VARIABLE = YES;
				IPHONEOS_DEPLOYMENT_TARGET = 9.3;
				MTL_ENABLE_DEBUG_INFO = YES;
				ONLY_ACTIVE_ARCH = YES;
				SDKROOT = iphoneos;
				TARGETED_DEVICE_FAMILY = "1,2";
				VERSIONING_SYSTEM = "apple-generic";
				VERSION_INFO_PREFIX = "";
			};
			name = Debug;
		};
		58009FEC1D767B2D00AB55F7 /* Release */ = {
			isa = XCBuildConfiguration;
			buildSettings = {
				ALWAYS_SEARCH_USER_PATHS = NO;
				BITCODE_GENERATION_MODE = bitcode;
				CLANG_ANALYZER_NONNULL = YES;
				CLANG_CXX_LANGUAGE_STANDARD = "gnu++0x";
				CLANG_CXX_LIBRARY = "libc++";
				CLANG_ENABLE_MODULES = YES;
				CLANG_ENABLE_OBJC_ARC = YES;
				CLANG_WARN_BOOL_CONVERSION = YES;
				CLANG_WARN_CONSTANT_CONVERSION = YES;
				CLANG_WARN_DIRECT_OBJC_ISA_USAGE = YES_ERROR;
				CLANG_WARN_EMPTY_BODY = YES;
				CLANG_WARN_ENUM_CONVERSION = YES;
				CLANG_WARN_INT_CONVERSION = YES;
				CLANG_WARN_OBJC_ROOT_CLASS = YES_ERROR;
				CLANG_WARN_UNREACHABLE_CODE = YES;
				CLANG_WARN__DUPLICATE_METHOD_MATCH = YES;
				"CODE_SIGN_IDENTITY[sdk=iphoneos*]" = "iPhone Developer";
				COPY_PHASE_STRIP = NO;
				CURRENT_PROJECT_VERSION = 1;
				DEBUG_INFORMATION_FORMAT = "dwarf-with-dsym";
				ENABLE_NS_ASSERTIONS = NO;
				ENABLE_STRICT_OBJC_MSGSEND = YES;
				GCC_C_LANGUAGE_STANDARD = gnu99;
				GCC_NO_COMMON_BLOCKS = YES;
				GCC_WARN_64_TO_32_BIT_CONVERSION = YES;
				GCC_WARN_ABOUT_RETURN_TYPE = YES_ERROR;
				GCC_WARN_UNDECLARED_SELECTOR = YES;
				GCC_WARN_UNINITIALIZED_AUTOS = YES_AGGRESSIVE;
				GCC_WARN_UNUSED_FUNCTION = YES;
				GCC_WARN_UNUSED_VARIABLE = YES;
				IPHONEOS_DEPLOYMENT_TARGET = 9.3;
				MTL_ENABLE_DEBUG_INFO = NO;
				SDKROOT = iphoneos;
				TARGETED_DEVICE_FAMILY = "1,2";
				VALIDATE_PRODUCT = YES;
				VERSIONING_SYSTEM = "apple-generic";
				VERSION_INFO_PREFIX = "";
			};
			name = Release;
		};
		5800A01C1D76BFA600AB55F7 /* Debug */ = {
			isa = XCBuildConfiguration;
			buildSettings = {
				DEFINES_MODULE = YES;
				DYLIB_COMPATIBILITY_VERSION = 1;
				DYLIB_CURRENT_VERSION = 1;
				DYLIB_INSTALL_NAME_BASE = "@rpath";
				HEADER_SEARCH_PATHS = (
					../../prebuilt/include/KSYPlayer,
					../../prebuilt/include/KSYBase,
				);
				INFOPLIST_FILE = KSYMediaPlayer/Info.plist;
				INSTALL_PATH = "$(LOCAL_LIBRARY_DIR)/Frameworks";
				IPHONEOS_DEPLOYMENT_TARGET = 7.0;
				LD_RUNPATH_SEARCH_PATHS = "$(inherited) @executable_path/Frameworks @loader_path/Frameworks";
				LIBRARY_SEARCH_PATHS = ../../prebuilt/libs;
				MACH_O_TYPE = mh_dylib;
				OTHER_CFLAGS = "";
				OTHER_LIBTOOLFLAGS = "";
				PRODUCT_BUNDLE_IDENTIFIER = com.ksyun.ios.KSYMediaPlayer;
				PRODUCT_NAME = "$(TARGET_NAME)";
				SKIP_INSTALL = YES;
			};
			name = Debug;
		};
		5800A01D1D76BFA600AB55F7 /* Release */ = {
			isa = XCBuildConfiguration;
			buildSettings = {
				DEFINES_MODULE = YES;
				DYLIB_COMPATIBILITY_VERSION = 1;
				DYLIB_CURRENT_VERSION = 1;
				DYLIB_INSTALL_NAME_BASE = "@rpath";
				HEADER_SEARCH_PATHS = (
					../../prebuilt/include/KSYPlayer,
					../../prebuilt/include/KSYBase,
				);
				INFOPLIST_FILE = KSYMediaPlayer/Info.plist;
				INSTALL_PATH = "$(LOCAL_LIBRARY_DIR)/Frameworks";
				IPHONEOS_DEPLOYMENT_TARGET = 7.0;
				LD_RUNPATH_SEARCH_PATHS = "$(inherited) @executable_path/Frameworks @loader_path/Frameworks";
				LIBRARY_SEARCH_PATHS = ../../prebuilt/libs;
				MACH_O_TYPE = mh_dylib;
				OTHER_CFLAGS = "";
				OTHER_LIBTOOLFLAGS = "";
				PRODUCT_BUNDLE_IDENTIFIER = com.ksyun.ios.KSYMediaPlayer;
				PRODUCT_NAME = "$(TARGET_NAME)";
				SKIP_INSTALL = YES;
			};
			name = Release;
		};
		5800A0A51D76EC1600AB55F7 /* Debug */ = {
			isa = XCBuildConfiguration;
			buildSettings = {
				DEFINES_MODULE = YES;
				DYLIB_COMPATIBILITY_VERSION = 1;
				DYLIB_CURRENT_VERSION = 1;
				DYLIB_INSTALL_NAME_BASE = "@rpath";
				FRAMEWORK_SEARCH_PATHS = ../../framework;
				HEADER_SEARCH_PATHS = (
					../../prebuilt/include/,
					../../prebuilt/include/KSYPlayer,
					../../prebuilt/include/KSYBase,
					../../prebuilt/include/KSYStreamerBase,
					../../prebuilt/include/KSYStreamerEngine,
					../../prebuilt/include/KSYGPUFilter,
				);
				INFOPLIST_FILE = libksygpulive/Info.plist;
				INSTALL_PATH = "$(LOCAL_LIBRARY_DIR)/Frameworks";
				IPHONEOS_DEPLOYMENT_TARGET = 7.0;
				LD_RUNPATH_SEARCH_PATHS = "$(inherited) @executable_path/Frameworks @loader_path/Frameworks";
				LIBRARY_SEARCH_PATHS = ../../prebuilt/libs;
				MACH_O_TYPE = mh_dylib;
				OTHER_CFLAGS = "";
				OTHER_LIBTOOLFLAGS = "";
				PRODUCT_BUNDLE_IDENTIFIER = com.ksyun.ios.libksygpulive;
				PRODUCT_NAME = "$(TARGET_NAME)";
				SKIP_INSTALL = YES;
			};
			name = Debug;
		};
		5800A0A61D76EC1600AB55F7 /* Release */ = {
			isa = XCBuildConfiguration;
			buildSettings = {
				DEFINES_MODULE = YES;
				DYLIB_COMPATIBILITY_VERSION = 1;
				DYLIB_CURRENT_VERSION = 1;
				DYLIB_INSTALL_NAME_BASE = "@rpath";
				FRAMEWORK_SEARCH_PATHS = ../../framework;
				HEADER_SEARCH_PATHS = (
					../../prebuilt/include/,
					../../prebuilt/include/KSYPlayer,
					../../prebuilt/include/KSYBase,
					../../prebuilt/include/KSYStreamerBase,
					../../prebuilt/include/KSYStreamerEngine,
					../../prebuilt/include/KSYGPUFilter,
				);
				INFOPLIST_FILE = libksygpulive/Info.plist;
				INSTALL_PATH = "$(LOCAL_LIBRARY_DIR)/Frameworks";
				IPHONEOS_DEPLOYMENT_TARGET = 7.0;
				LD_RUNPATH_SEARCH_PATHS = "$(inherited) @executable_path/Frameworks @loader_path/Frameworks";
				LIBRARY_SEARCH_PATHS = ../../prebuilt/libs;
				MACH_O_TYPE = mh_dylib;
				OTHER_CFLAGS = "";
				OTHER_LIBTOOLFLAGS = "";
				PRODUCT_BUNDLE_IDENTIFIER = com.ksyun.ios.libksygpulive;
				PRODUCT_NAME = "$(TARGET_NAME)";
				SKIP_INSTALL = YES;
			};
			name = Release;
		};
/* End XCBuildConfiguration section */

/* Begin XCConfigurationList section */
		58009FDF1D767B2C00AB55F7 /* Build configuration list for PBXProject "libKSYLive" */ = {
			isa = XCConfigurationList;
			buildConfigurations = (
				58009FEB1D767B2D00AB55F7 /* Debug */,
				58009FEC1D767B2D00AB55F7 /* Release */,
			);
			defaultConfigurationIsVisible = 0;
			defaultConfigurationName = Release;
		};
		5800A01B1D76BFA600AB55F7 /* Build configuration list for PBXNativeTarget "KSYMediaPlayer" */ = {
			isa = XCConfigurationList;
			buildConfigurations = (
				5800A01C1D76BFA600AB55F7 /* Debug */,
				5800A01D1D76BFA600AB55F7 /* Release */,
			);
			defaultConfigurationIsVisible = 0;
			defaultConfigurationName = Release;
		};
		5800A0A41D76EC1600AB55F7 /* Build configuration list for PBXNativeTarget "libksygpulive" */ = {
			isa = XCConfigurationList;
			buildConfigurations = (
				5800A0A51D76EC1600AB55F7 /* Debug */,
				5800A0A61D76EC1600AB55F7 /* Release */,
			);
			defaultConfigurationIsVisible = 0;
			defaultConfigurationName = Release;
		};
/* End XCConfigurationList section */
	};
	rootObject = 58009FDC1D767B2C00AB55F7 /* Project object */;
}
